
Microsoft Visual Studio Solution File, Format Version 12.00
# Visual Studio Version 16
VisualStudioVersion = 16.0.29911.84
MinimumVisualStudioVersion = 10.0.40219.1
Project("{FAE04EC0-301F-11D3-BF4B-00C04F79EFBC}") = "MJQuadaxDemo", "MJQuadaxDemo\MJQuadaxDemo.csproj", "{94572768-F8EB-4F35-A45C-6BE3B90F88B4}"
EndProject
Global
	GlobalSection(SolutionConfigurationPlatforms) = preSolution
		Debug|Any CPU = Debug|Any CPU
		Release|Any CPU = Release|Any CPU
	EndGlobalSection
	GlobalSection(ProjectConfigurationPlatforms) = postSolution
		{94572768-F8EB-4F35-A45C-6BE3B90F88B4}.Debug|Any CPU.ActiveCfg = Debug|Any CPU
		{94572768-F8EB-4F35-A45C-6BE3B90F88B4}.Debug|Any CPU.Build.0 = Debug|Any CPU
		{94572768-F8EB-4F35-A45C-6BE3B90F88B4}.Release|Any CPU.ActiveCfg = Release|Any CPU
		{94572768-F8EB-4F35-A45C-6BE3B90F88B4}.Release|Any CPU.Build.0 = Release|Any CPU
	EndGlobalSection
	GlobalSection(SolutionProperties) = preSolution
		HideSolutionNode = FALSE
	EndGlobalSection
	GlobalSection(ExtensibilityGlobals) = postSolution
		SolutionGuid = {69D9C169-43CB-454D-B75E-E5D178ACE83A}
	EndGlobalSection
EndGlobal
